
Microsoft Visual Studio Solution File, Format Version 12.00
# Visual Studio 15
VisualStudioVersion = 15.0.28307.1082
MinimumVisualStudioVersion = 10.0.40219.1
Project("{FAE04EC0-301F-11D3-BF4B-00C04F79EFBC}") = "AdventureWork.Web", "AdventureWork.Web\AdventureWork.Web.csproj", "{7149DE13-3AF1-4E00-9658-73DFA20886DB}"
EndProject
Project("{FAE04EC0-301F-11D3-BF4B-00C04F79EFBC}") = "AdventureWork.Web2", "AdventureWork.Web2\AdventureWork.Web2.csproj", "{7D59529C-39D7-4493-8B55-E3E2F23AC0F8}"
EndProject
Global
	GlobalSection(SolutionConfigurationPlatforms) = preSolution
		Debug|Any CPU = Debug|Any CPU
		Release|Any CPU = Release|Any CPU
	EndGlobalSection
	GlobalSection(ProjectConfigurationPlatforms) = postSolution
		{7149DE13-3AF1-4E00-9658-73DFA20886DB}.Debug|Any CPU.ActiveCfg = Debug|Any CPU
		{7149DE13-3AF1-4E00-9658-73DFA20886DB}.Debug|Any CPU.Build.0 = Debug|Any CPU
		{7149DE13-3AF1-4E00-9658-73DFA20886DB}.Release|Any CPU.ActiveCfg = Release|Any CPU
		{7149DE13-3AF1-4E00-9658-73DFA20886DB}.Release|Any CPU.Build.0 = Release|Any CPU
		{7D59529C-39D7-4493-8B55-E3E2F23AC0F8}.Debug|Any CPU.ActiveCfg = Debug|Any CPU
		{7D59529C-39D7-4493-8B55-E3E2F23AC0F8}.Debug|Any CPU.Build.0 = Debug|Any CPU
		{7D59529C-39D7-4493-8B55-E3E2F23AC0F8}.Release|Any CPU.ActiveCfg = Release|Any CPU
		{7D59529C-39D7-4493-8B55-E3E2F23AC0F8}.Release|Any CPU.Build.0 = Release|Any CPU
	EndGlobalSection
	GlobalSection(SolutionProperties) = preSolution
		HideSolutionNode = FALSE
	EndGlobalSection
	GlobalSection(ExtensibilityGlobals) = postSolution
		SolutionGuid = {AE5FF8D2-DD98-4ECA-A6BF-E43864CE19FE}
	EndGlobalSection
EndGlobal
